
Microsoft Visual Studio Solution File, Format Version 12.00
# Visual Studio Version 17
VisualStudioVersion = 17.3.32825.248
MinimumVisualStudioVersion = 10.0.40219.1
Project("{8BC9CEB8-8B4A-11D0-8D11-00A0C91BC942}") = "维吉尼亚密码", "维吉尼亚密码\维吉尼亚密码.vcxproj", "{FE952475-B857-4FED-8FD2-A2C3BD8F9873}"
EndProject
Global
	GlobalSection(SolutionConfigurationPlatforms) = preSolution
		Debug|x64 = Debug|x64
		Debug|x86 = Debug|x86
		Release|x64 = Release|x64
		Release|x86 = Release|x86
	EndGlobalSection
	GlobalSection(ProjectConfigurationPlatforms) = postSolution
		{FE952475-B857-4FED-8FD2-A2C3BD8F9873}.Debug|x64.ActiveCfg = Debug|x64
		{FE952475-B857-4FED-8FD2-A2C3BD8F9873}.Debug|x64.Build.0 = Debug|x64
		{FE952475-B857-4FED-8FD2-A2C3BD8F9873}.Debug|x86.ActiveCfg = Debug|Win32
		{FE952475-B857-4FED-8FD2-A2C3BD8F9873}.Debug|x86.Build.0 = Debug|Win32
		{FE952475-B857-4FED-8FD2-A2C3BD8F9873}.Release|x64.ActiveCfg = Release|x64
		{FE952475-B857-4FED-8FD2-A2C3BD8F9873}.Release|x64.Build.0 = Release|x64
		{FE952475-B857-4FED-8FD2-A2C3BD8F9873}.Release|x86.ActiveCfg = Release|Win32
		{FE952475-B857-4FED-8FD2-A2C3BD8F9873}.Release|x86.Build.0 = Release|Win32
	EndGlobalSection
	GlobalSection(SolutionProperties) = preSolution
		HideSolutionNode = FALSE
	EndGlobalSection
	GlobalSection(ExtensibilityGlobals) = postSolution
		SolutionGuid = {D720C762-E232-4EA9-AC4A-071056C5D48D}
	EndGlobalSection
EndGlobal
